
Microsoft Visual Studio Solution File, Format Version 12.00
# Visual Studio 15
VisualStudioVersion = 15.0.26430.6
MinimumVisualStudioVersion = 10.0.40219.1
Project("{FAE04EC0-301F-11D3-BF4B-00C04F79EFBC}") = "Pymes4.Android", "Pymes4\Pymes4.Android\Pymes4.Android.csproj", "{30A6282A-EBC2-46BF-990E-DFCE9AD40294}"
EndProject
Project("{FAE04EC0-301F-11D3-BF4B-00C04F79EFBC}") = "Pymes4", "Pymes4\Pymes4\Pymes4.csproj", "{3F1FB68A-7F05-4A46-9011-84DA9E35814A}"
EndProject
Project("{FAE04EC0-301F-11D3-BF4B-00C04F79EFBC}") = "Pymes4.UWP", "Pymes4\Pymes4.UWP\Pymes4.UWP.csproj", "{792CE831-49F0-4FA8-A82F-8E57E8792054}"
EndProject
Project("{FAE04EC0-301F-11D3-BF4B-00C04F79EFBC}") = "Pymes4.iOS", "Pymes4\Pymes4.iOS\Pymes4.iOS.csproj", "{0974936D-D4C7-43A1-B07C-0672D698C854}"
EndProject
Global
	GlobalSection(SolutionConfigurationPlatforms) = preSolution
		Ad-Hoc|Any CPU = Ad-Hoc|Any CPU
		Ad-Hoc|ARM = Ad-Hoc|ARM
		Ad-Hoc|iPhone = Ad-Hoc|iPhone
		Ad-Hoc|iPhoneSimulator = Ad-Hoc|iPhoneSimulator
		Ad-Hoc|x64 = Ad-Hoc|x64
		Ad-Hoc|x86 = Ad-Hoc|x86
		AppStore|Any CPU = AppStore|Any CPU
		AppStore|ARM = AppStore|ARM
		AppStore|iPhone = AppStore|iPhone
		AppStore|iPhoneSimulator = AppStore|iPhoneSimulator
		AppStore|x64 = AppStore|x64
		AppStore|x86 = AppStore|x86
		Debug|Any CPU = Debug|Any CPU
		Debug|ARM = Debug|ARM
		Debug|iPhone = Debug|iPhone
		Debug|iPhoneSimulator = Debug|iPhoneSimulator
		Debug|x64 = Debug|x64
		Debug|x86 = Debug|x86
		Release|Any CPU = Release|Any CPU
		Release|ARM = Release|ARM
		Release|iPhone = Release|iPhone
		Release|iPhoneSimulator = Release|iPhoneSimulator
		Release|x64 = Release|x64
		Release|x86 = Release|x86
	EndGlobalSection
	GlobalSection(ProjectConfigurationPlatforms) = postSolution
		{30A6282A-EBC2-46BF-990E-DFCE9AD40294}.Ad-Hoc|Any CPU.ActiveCfg = Release|Any CPU
		{30A6282A-EBC2-46BF-990E-DFCE9AD40294}.Ad-Hoc|Any CPU.Build.0 = Release|Any CPU
		{30A6282A-EBC2-46BF-990E-DFCE9AD40294}.Ad-Hoc|Any CPU.Deploy.0 = Release|Any CPU
		{30A6282A-EBC2-46BF-990E-DFCE9AD40294}.Ad-Hoc|ARM.ActiveCfg = Release|Any CPU
		{30A6282A-EBC2-46BF-990E-DFCE9AD40294}.Ad-Hoc|ARM.Build.0 = Release|Any CPU
		{30A6282A-EBC2-46BF-990E-DFCE9AD40294}.Ad-Hoc|ARM.Deploy.0 = Release|Any CPU
		{30A6282A-EBC2-46BF-990E-DFCE9AD40294}.Ad-Hoc|iPhone.ActiveCfg = Release|Any CPU
		{30A6282A-EBC2-46BF-990E-DFCE9AD40294}.Ad-Hoc|iPhone.Build.0 = Release|Any CPU
		{30A6282A-EBC2-46BF-990E-DFCE9AD40294}.Ad-Hoc|iPhone.Deploy.0 = Release|Any CPU
		{30A6282A-EBC2-46BF-990E-DFCE9AD40294}.Ad-Hoc|iPhoneSimulator.ActiveCfg = Release|Any CPU
		{30A6282A-EBC2-46BF-990E-DFCE9AD40294}.Ad-Hoc|iPhoneSimulator.Build.0 = Release|Any CPU
		{30A6282A-EBC2-46BF-990E-DFCE9AD40294}.Ad-Hoc|iPhoneSimulator.Deploy.0 = Release|Any CPU
		{30A6282A-EBC2-46BF-990E-DFCE9AD40294}.Ad-Hoc|x64.ActiveCfg = Release|Any CPU
		{30A6282A-EBC2-46BF-990E-DFCE9AD40294}.Ad-Hoc|x64.Build.0 = Release|Any CPU
		{30A6282A-EBC2-46BF-990E-DFCE9AD40294}.Ad-Hoc|x64.Deploy.0 = Release|Any CPU
		{30A6282A-EBC2-46BF-990E-DFCE9AD40294}.Ad-Hoc|x86.ActiveCfg = Release|Any CPU
		{30A6282A-EBC2-46BF-990E-DFCE9AD40294}.Ad-Hoc|x86.Build.0 = Release|Any CPU
		{30A6282A-EBC2-46BF-990E-DFCE9AD40294}.Ad-Hoc|x86.Deploy.0 = Release|Any CPU
		{30A6282A-EBC2-46BF-990E-DFCE9AD40294}.AppStore|Any CPU.ActiveCfg = Release|Any CPU
		{30A6282A-EBC2-46BF-990E-DFCE9AD40294}.AppStore|Any CPU.Build.0 = Release|Any CPU
		{30A6282A-EBC2-46BF-990E-DFCE9AD40294}.AppStore|Any CPU.Deploy.0 = Release|Any CPU
		{30A6282A-EBC2-46BF-990E-DFCE9AD40294}.AppStore|ARM.ActiveCfg = Release|Any CPU
		{30A6282A-EBC2-46BF-990E-DFCE9AD40294}.AppStore|ARM.Build.0 = Release|Any CPU
		{30A6282A-EBC2-46BF-990E-DFCE9AD40294}.AppStore|ARM.Deploy.0 = Release|Any CPU
		{30A6282A-EBC2-46BF-990E-DFCE9AD40294}.AppStore|iPhone.ActiveCfg = Release|Any CPU
		{30A6282A-EBC2-46BF-990E-DFCE9AD40294}.AppStore|iPhone.Build.0 = Release|Any CPU
		{30A6282A-EBC2-46BF-990E-DFCE9AD40294}.AppStore|iPhone.Deploy.0 = Release|Any CPU
		{30A6282A-EBC2-46BF-990E-DFCE9AD40294}.AppStore|iPhoneSimulator.ActiveCfg = Release|Any CPU
		{30A6282A-EBC2-46BF-990E-DFCE9AD40294}.AppStore|iPhoneSimulator.Build.0 = Release|Any CPU
		{30A6282A-EBC2-46BF-990E-DFCE9AD40294}.AppStore|iPhoneSimulator.Deploy.0 = Release|Any CPU
		{30A6282A-EBC2-46BF-990E-DFCE9AD40294}.AppStore|x64.ActiveCfg = Release|Any CPU
		{30A6282A-EBC2-46BF-990E-DFCE9AD40294}.AppStore|x64.Build.0 = Release|Any CPU
		{30A6282A-EBC2-46BF-990E-DFCE9AD40294}.AppStore|x64.Deploy.0 = Release|Any CPU
		{30A6282A-EBC2-46BF-990E-DFCE9AD40294}.AppStore|x86.ActiveCfg = Release|Any CPU
		{30A6282A-EBC2-46BF-990E-DFCE9AD40294}.AppStore|x86.Build.0 = Release|Any CPU
		{30A6282A-EBC2-46BF-990E-DFCE9AD40294}.AppStore|x86.Deploy.0 = Release|Any CPU
		{30A6282A-EBC2-46BF-990E-DFCE9AD40294}.Debug|Any CPU.ActiveCfg = Debug|Any CPU
		{30A6282A-EBC2-46BF-990E-DFCE9AD40294}.Debug|Any CPU.Build.0 = Debug|Any CPU
		{30A6282A-EBC2-46BF-990E-DFCE9AD40294}.Debug|Any CPU.Deploy.0 = Debug|Any CPU
		{30A6282A-EBC2-46BF-990E-DFCE9AD40294}.Debug|ARM.ActiveCfg = Debug|Any CPU
		{30A6282A-EBC2-46BF-990E-DFCE9AD40294}.Debug|ARM.Build.0 = Debug|Any CPU
		{30A6282A-EBC2-46BF-990E-DFCE9AD40294}.Debug|ARM.Deploy.0 = Debug|Any CPU
		{30A6282A-EBC2-46BF-990E-DFCE9AD40294}.Debug|iPhone.ActiveCfg = Debug|Any CPU
		{30A6282A-EBC2-46BF-990E-DFCE9AD40294}.Debug|iPhone.Build.0 = Debug|Any CPU
		{30A6282A-EBC2-46BF-990E-DFCE9AD40294}.Debug|iPhone.Deploy.0 = Debug|Any CPU
		{30A6282A-EBC2-46BF-990E-DFCE9AD40294}.Debug|iPhoneSimulator.ActiveCfg = Debug|Any CPU
		{30A6282A-EBC2-46BF-990E-DFCE9AD40294}.Debug|iPhoneSimulator.Build.0 = Debug|Any CPU
		{30A6282A-EBC2-46BF-990E-DFCE9AD40294}.Debug|iPhoneSimulator.Deploy.0 = Debug|Any CPU
		{30A6282A-EBC2-46BF-990E-DFCE9AD40294}.Debug|x64.ActiveCfg = Debug|Any CPU
		{30A6282A-EBC2-46BF-990E-DFCE9AD40294}.Debug|x64.Build.0 = Debug|Any CPU
		{30A6282A-EBC2-46BF-990E-DFCE9AD40294}.Debug|x64.Deploy.0 = Debug|Any CPU
		{30A6282A-EBC2-46BF-990E-DFCE9AD40294}.Debug|x86.ActiveCfg = Debug|Any CPU
		{30A6282A-EBC2-46BF-990E-DFCE9AD40294}.Debug|x86.Build.0 = Debug|Any CPU
		{30A6282A-EBC2-46BF-990E-DFCE9AD40294}.Debug|x86.Deploy.0 = Debug|Any CPU
		{30A6282A-EBC2-46BF-990E-DFCE9AD40294}.Release|Any CPU.ActiveCfg = Release|Any CPU
		{30A6282A-EBC2-46BF-990E-DFCE9AD40294}.Release|Any CPU.Build.0 = Release|Any CPU
		{30A6282A-EBC2-46BF-990E-DFCE9AD40294}.Release|Any CPU.Deploy.0 = Release|Any CPU
		{30A6282A-EBC2-46BF-990E-DFCE9AD40294}.Release|ARM.ActiveCfg = Release|Any CPU
		{30A6282A-EBC2-46BF-990E-DFCE9AD40294}.Release|ARM.Build.0 = Release|Any CPU
		{30A6282A-EBC2-46BF-990E-DFCE9AD40294}.Release|ARM.Deploy.0 = Release|Any CPU
		{30A6282A-EBC2-46BF-990E-DFCE9AD40294}.Release|iPhone.ActiveCfg = Release|Any CPU
		{30A6282A-EBC2-46BF-990E-DFCE9AD40294}.Release|iPhone.Build.0 = Release|Any CPU
		{30A6282A-EBC2-46BF-990E-DFCE9AD40294}.Release|iPhone.Deploy.0 = Release|Any CPU
		{30A6282A-EBC2-46BF-990E-DFCE9AD40294}.Release|iPhoneSimulator.ActiveCfg = Release|Any CPU
		{30A6282A-EBC2-46BF-990E-DFCE9AD40294}.Release|iPhoneSimulator.Build.0 = Release|Any CPU
		{30A6282A-EBC2-46BF-990E-DFCE9AD40294}.Release|iPhoneSimulator.Deploy.0 = Release|Any CPU
		{30A6282A-EBC2-46BF-990E-DFCE9AD40294}.Release|x64.ActiveCfg = Release|Any CPU
		{30A6282A-EBC2-46BF-990E-DFCE9AD40294}.Release|x64.Build.0 = Release|Any CPU
		{30A6282A-EBC2-46BF-990E-DFCE9AD40294}.Release|x64.Deploy.0 = Release|Any CPU
		{30A6282A-EBC2-46BF-990E-DFCE9AD40294}.Release|x86.ActiveCfg = Release|Any CPU
		{30A6282A-EBC2-46BF-990E-DFCE9AD40294}.Release|x86.Build.0 = Release|Any CPU
		{30A6282A-EBC2-46BF-990E-DFCE9AD40294}.Release|x86.Deploy.0 = Release|Any CPU
		{3F1FB68A-7F05-4A46-9011-84DA9E35814A}.Ad-Hoc|Any CPU.ActiveCfg = Release|Any CPU
		{3F1FB68A-7F05-4A46-9011-84DA9E35814A}.Ad-Hoc|Any CPU.Build.0 = Release|Any CPU
		{3F1FB68A-7F05-4A46-9011-84DA9E35814A}.Ad-Hoc|ARM.ActiveCfg = Release|Any CPU
		{3F1FB68A-7F05-4A46-9011-84DA9E35814A}.Ad-Hoc|ARM.Build.0 = Release|Any CPU
		{3F1FB68A-7F05-4A46-9011-84DA9E35814A}.Ad-Hoc|iPhone.ActiveCfg = Release|Any CPU
		{3F1FB68A-7F05-4A46-9011-84DA9E35814A}.Ad-Hoc|iPhone.Build.0 = Release|Any CPU
		{3F1FB68A-7F05-4A46-9011-84DA9E35814A}.Ad-Hoc|iPhoneSimulator.ActiveCfg = Release|Any CPU
		{3F1FB68A-7F05-4A46-9011-84DA9E35814A}.Ad-Hoc|iPhoneSimulator.Build.0 = Release|Any CPU
		{3F1FB68A-7F05-4A46-9011-84DA9E35814A}.Ad-Hoc|x64.ActiveCfg = Release|Any CPU
		{3F1FB68A-7F05-4A46-9011-84DA9E35814A}.Ad-Hoc|x64.Build.0 = Release|Any CPU
		{3F1FB68A-7F05-4A46-9011-84DA9E35814A}.Ad-Hoc|x86.ActiveCfg = Release|Any CPU
		{3F1FB68A-7F05-4A46-9011-84DA9E35814A}.Ad-Hoc|x86.Build.0 = Release|Any CPU
		{3F1FB68A-7F05-4A46-9011-84DA9E35814A}.AppStore|Any CPU.ActiveCfg = Release|Any CPU
		{3F1FB68A-7F05-4A46-9011-84DA9E35814A}.AppStore|Any CPU.Build.0 = Release|Any CPU
		{3F1FB68A-7F05-4A46-9011-84DA9E35814A}.AppStore|ARM.ActiveCfg = Release|Any CPU
		{3F1FB68A-7F05-4A46-9011-84DA9E35814A}.AppStore|ARM.Build.0 = Release|Any CPU
		{3F1FB68A-7F05-4A46-9011-84DA9E35814A}.AppStore|iPhone.ActiveCfg = Release|Any CPU
		{3F1FB68A-7F05-4A46-9011-84DA9E35814A}.AppStore|iPhone.Build.0 = Release|Any CPU
		{3F1FB68A-7F05-4A46-9011-84DA9E35814A}.AppStore|iPhoneSimulator.ActiveCfg = Release|Any CPU
		{3F1FB68A-7F05-4A46-9011-84DA9E35814A}.AppStore|iPhoneSimulator.Build.0 = Release|Any CPU
		{3F1FB68A-7F05-4A46-9011-84DA9E35814A}.AppStore|x64.ActiveCfg = Release|Any CPU
		{3F1FB68A-7F05-4A46-9011-84DA9E35814A}.AppStore|x64.Build.0 = Release|Any CPU
		{3F1FB68A-7F05-4A46-9011-84DA9E35814A}.AppStore|x86.ActiveCfg = Release|Any CPU
		{3F1FB68A-7F05-4A46-9011-84DA9E35814A}.AppStore|x86.Build.0 = Release|Any CPU
		{3F1FB68A-7F05-4A46-9011-84DA9E35814A}.Debug|Any CPU.ActiveCfg = Debug|Any CPU
		{3F1FB68A-7F05-4A46-9011-84DA9E35814A}.Debug|Any CPU.Build.0 = Debug|Any CPU
		{3F1FB68A-7F05-4A46-9011-84DA9E35814A}.Debug|ARM.ActiveCfg = Debug|Any CPU
		{3F1FB68A-7F05-4A46-9011-84DA9E35814A}.Debug|ARM.Build.0 = Debug|Any CPU
		{3F1FB68A-7F05-4A46-9011-84DA9E35814A}.Debug|iPhone.ActiveCfg = Debug|Any CPU
		{3F1FB68A-7F05-4A46-9011-84DA9E35814A}.Debug|iPhone.Build.0 = Debug|Any CPU
		{3F1FB68A-7F05-4A46-9011-84DA9E35814A}.Debug|iPhoneSimulator.ActiveCfg = Debug|Any CPU
		{3F1FB68A-7F05-4A46-9011-84DA9E35814A}.Debug|iPhoneSimulator.Build.0 = Debug|Any CPU
		{3F1FB68A-7F05-4A46-9011-84DA9E35814A}.Debug|x64.ActiveCfg = Debug|Any CPU
		{3F1FB68A-7F05-4A46-9011-84DA9E35814A}.Debug|x64.Build.0 = Debug|Any CPU
		{3F1FB68A-7F05-4A46-9011-84DA9E35814A}.Debug|x86.ActiveCfg = Debug|Any CPU
		{3F1FB68A-7F05-4A46-9011-84DA9E35814A}.Debug|x86.Build.0 = Debug|Any CPU
		{3F1FB68A-7F05-4A46-9011-84DA9E35814A}.Release|Any CPU.ActiveCfg = Release|Any CPU
		{3F1FB68A-7F05-4A46-9011-84DA9E35814A}.Release|Any CPU.Build.0 = Release|Any CPU
		{3F1FB68A-7F05-4A46-9011-84DA9E35814A}.Release|ARM.ActiveCfg = Release|Any CPU
		{3F1FB68A-7F05-4A46-9011-84DA9E35814A}.Release|ARM.Build.0 = Release|Any CPU
		{3F1FB68A-7F05-4A46-9011-84DA9E35814A}.Release|iPhone.ActiveCfg = Release|Any CPU
		{3F1FB68A-7F05-4A46-9011-84DA9E35814A}.Release|iPhone.Build.0 = Release|Any CPU
		{3F1FB68A-7F05-4A46-9011-84DA9E35814A}.Release|iPhoneSimulator.ActiveCfg = Release|Any CPU
		{3F1FB68A-7F05-4A46-9011-84DA9E35814A}.Release|iPhoneSimulator.Build.0 = Release|Any CPU
		{3F1FB68A-7F05-4A46-9011-84DA9E35814A}.Release|x64.ActiveCfg = Release|Any CPU
		{3F1FB68A-7F05-4A46-9011-84DA9E35814A}.Release|x64.Build.0 = Release|Any CPU
		{3F1FB68A-7F05-4A46-9011-84DA9E35814A}.Release|x86.ActiveCfg = Release|Any CPU
		{3F1FB68A-7F05-4A46-9011-84DA9E35814A}.Release|x86.Build.0 = Release|Any CPU
		{792CE831-49F0-4FA8-A82F-8E57E8792054}.Ad-Hoc|Any CPU.ActiveCfg = Release|x86
		{792CE831-49F0-4FA8-A82F-8E57E8792054}.Ad-Hoc|Any CPU.Build.0 = Release|x86
		{792CE831-49F0-4FA8-A82F-8E57E8792054}.Ad-Hoc|Any CPU.Deploy.0 = Release|x86
		{792CE831-49F0-4FA8-A82F-8E57E8792054}.Ad-Hoc|ARM.ActiveCfg = Release|ARM
		{792CE831-49F0-4FA8-A82F-8E57E8792054}.Ad-Hoc|ARM.Build.0 = Release|ARM
		{792CE831-49F0-4FA8-A82F-8E57E8792054}.Ad-Hoc|ARM.Deploy.0 = Release|ARM
		{792CE831-49F0-4FA8-A82F-8E57E8792054}.Ad-Hoc|iPhone.ActiveCfg = Release|x86
		{792CE831-49F0-4FA8-A82F-8E57E8792054}.Ad-Hoc|iPhone.Build.0 = Release|x86
		{792CE831-49F0-4FA8-A82F-8E57E8792054}.Ad-Hoc|iPhone.Deploy.0 = Release|x86
		{792CE831-49F0-4FA8-A82F-8E57E8792054}.Ad-Hoc|iPhoneSimulator.ActiveCfg = Release|x86
		{792CE831-49F0-4FA8-A82F-8E57E8792054}.Ad-Hoc|iPhoneSimulator.Build.0 = Release|x86
		{792CE831-49F0-4FA8-A82F-8E57E8792054}.Ad-Hoc|iPhoneSimulator.Deploy.0 = Release|x86
		{792CE831-49F0-4FA8-A82F-8E57E8792054}.Ad-Hoc|x64.ActiveCfg = Release|x64
		{792CE831-49F0-4FA8-A82F-8E57E8792054}.Ad-Hoc|x64.Build.0 = Release|x64
		{792CE831-49F0-4FA8-A82F-8E57E8792054}.Ad-Hoc|x64.Deploy.0 = Release|x64
		{792CE831-49F0-4FA8-A82F-8E57E8792054}.Ad-Hoc|x86.ActiveCfg = Release|x86
		{792CE831-49F0-4FA8-A82F-8E57E8792054}.Ad-Hoc|x86.Build.0 = Release|x86
		{792CE831-49F0-4FA8-A82F-8E57E8792054}.Ad-Hoc|x86.Deploy.0 = Release|x86
		{792CE831-49F0-4FA8-A82F-8E57E8792054}.AppStore|Any CPU.ActiveCfg = Release|x86
		{792CE831-49F0-4FA8-A82F-8E57E8792054}.AppStore|Any CPU.Build.0 = Release|x86
		{792CE831-49F0-4FA8-A82F-8E57E8792054}.AppStore|Any CPU.Deploy.0 = Release|x86
		{792CE831-49F0-4FA8-A82F-8E57E8792054}.AppStore|ARM.ActiveCfg = Release|ARM
		{792CE831-49F0-4FA8-A82F-8E57E8792054}.AppStore|ARM.Build.0 = Release|ARM
		{792CE831-49F0-4FA8-A82F-8E57E8792054}.AppStore|ARM.Deploy.0 = Release|ARM
		{792CE831-49F0-4FA8-A82F-8E57E8792054}.AppStore|iPhone.ActiveCfg = Release|x86
		{792CE831-49F0-4FA8-A82F-8E57E8792054}.AppStore|iPhone.Build.0 = Release|x86
		{792CE831-49F0-4FA8-A82F-8E57E8792054}.AppStore|iPhone.Deploy.0 = Release|x86
		{792CE831-49F0-4FA8-A82F-8E57E8792054}.AppStore|iPhoneSimulator.ActiveCfg = Release|x86
		{792CE831-49F0-4FA8-A82F-8E57E8792054}.AppStore|iPhoneSimulator.Build.0 = Release|x86
		{792CE831-49F0-4FA8-A82F-8E57E8792054}.AppStore|iPhoneSimulator.Deploy.0 = Release|x86
		{792CE831-49F0-4FA8-A82F-8E57E8792054}.AppStore|x64.ActiveCfg = Release|x64
		{792CE831-49F0-4FA8-A82F-8E57E8792054}.AppStore|x64.Build.0 = Release|x64
		{792CE831-49F0-4FA8-A82F-8E57E8792054}.AppStore|x64.Deploy.0 = Release|x64
		{792CE831-49F0-4FA8-A82F-8E57E8792054}.AppStore|x86.ActiveCfg = Release|x86
		{792CE831-49F0-4FA8-A82F-8E57E8792054}.AppStore|x86.Build.0 = Release|x86
		{792CE831-49F0-4FA8-A82F-8E57E8792054}.AppStore|x86.Deploy.0 = Release|x86
		{792CE831-49F0-4FA8-A82F-8E57E8792054}.Debug|Any CPU.ActiveCfg = Debug|x86
		{792CE831-49F0-4FA8-A82F-8E57E8792054}.Debug|Any CPU.Build.0 = Debug|x86
		{792CE831-49F0-4FA8-A82F-8E57E8792054}.Debug|Any CPU.Deploy.0 = Debug|x86
		{792CE831-49F0-4FA8-A82F-8E57E8792054}.Debug|ARM.ActiveCfg = Debug|ARM
		{792CE831-49F0-4FA8-A82F-8E57E8792054}.Debug|ARM.Build.0 = Debug|ARM
		{792CE831-49F0-4FA8-A82F-8E57E8792054}.Debug|ARM.Deploy.0 = Debug|ARM
		{792CE831-49F0-4FA8-A82F-8E57E8792054}.Debug|iPhone.ActiveCfg = Debug|x86
		{792CE831-49F0-4FA8-A82F-8E57E8792054}.Debug|iPhoneSimulator.ActiveCfg = Debug|x86
		{792CE831-49F0-4FA8-A82F-8E57E8792054}.Debug|x64.ActiveCfg = Debug|x64
		{792CE831-49F0-4FA8-A82F-8E57E8792054}.Debug|x64.Build.0 = Debug|x64
		{792CE831-49F0-4FA8-A82F-8E57E8792054}.Debug|x64.Deploy.0 = Debug|x64
		{792CE831-49F0-4FA8-A82F-8E57E8792054}.Debug|x86.ActiveCfg = Debug|x86
		{792CE831-49F0-4FA8-A82F-8E57E8792054}.Debug|x86.Build.0 = Debug|x86
		{792CE831-49F0-4FA8-A82F-8E57E8792054}.Debug|x86.Deploy.0 = Debug|x86
		{792CE831-49F0-4FA8-A82F-8E57E8792054}.Release|Any CPU.ActiveCfg = Release|x86
		{792CE831-49F0-4FA8-A82F-8E57E8792054}.Release|ARM.ActiveCfg = Release|ARM
		{792CE831-49F0-4FA8-A82F-8E57E8792054}.Release|ARM.Build.0 = Release|ARM
		{792CE831-49F0-4FA8-A82F-8E57E8792054}.Release|ARM.Deploy.0 = Release|ARM
		{792CE831-49F0-4FA8-A82F-8E57E8792054}.Release|iPhone.ActiveCfg = Release|x86
		{792CE831-49F0-4FA8-A82F-8E57E8792054}.Release|iPhoneSimulator.ActiveCfg = Release|x86
		{792CE831-49F0-4FA8-A82F-8E57E8792054}.Release|x64.ActiveCfg = Release|x64
		{792CE831-49F0-4FA8-A82F-8E57E8792054}.Release|x64.Build.0 = Release|x64
		{792CE831-49F0-4FA8-A82F-8E57E8792054}.Release|x64.Deploy.0 = Release|x64
		{792CE831-49F0-4FA8-A82F-8E57E8792054}.Release|x86.ActiveCfg = Release|x86
		{792CE831-49F0-4FA8-A82F-8E57E8792054}.Release|x86.Build.0 = Release|x86
		{792CE831-49F0-4FA8-A82F-8E57E8792054}.Release|x86.Deploy.0 = Release|x86
		{0974936D-D4C7-43A1-B07C-0672D698C854}.Ad-Hoc|Any CPU.ActiveCfg = Ad-Hoc|iPhone
		{0974936D-D4C7-43A1-B07C-0672D698C854}.Ad-Hoc|ARM.ActiveCfg = Ad-Hoc|iPhone
		{0974936D-D4C7-43A1-B07C-0672D698C854}.Ad-Hoc|iPhone.ActiveCfg = Ad-Hoc|iPhone
		{0974936D-D4C7-43A1-B07C-0672D698C854}.Ad-Hoc|iPhone.Build.0 = Ad-Hoc|iPhone
		{0974936D-D4C7-43A1-B07C-0672D698C854}.Ad-Hoc|iPhoneSimulator.ActiveCfg = Ad-Hoc|iPhoneSimulator
		{0974936D-D4C7-43A1-B07C-0672D698C854}.Ad-Hoc|iPhoneSimulator.Build.0 = Ad-Hoc|iPhoneSimulator
		{0974936D-D4C7-43A1-B07C-0672D698C854}.Ad-Hoc|x64.ActiveCfg = Ad-Hoc|iPhone
		{0974936D-D4C7-43A1-B07C-0672D698C854}.Ad-Hoc|x86.ActiveCfg = Ad-Hoc|iPhone
		{0974936D-D4C7-43A1-B07C-0672D698C854}.AppStore|Any CPU.ActiveCfg = AppStore|iPhone
		{0974936D-D4C7-43A1-B07C-0672D698C854}.AppStore|ARM.ActiveCfg = AppStore|iPhone
		{0974936D-D4C7-43A1-B07C-0672D698C854}.AppStore|iPhone.ActiveCfg = AppStore|iPhone
		{0974936D-D4C7-43A1-B07C-0672D698C854}.AppStore|iPhone.Build.0 = AppStore|iPhone
		{0974936D-D4C7-43A1-B07C-0672D698C854}.AppStore|iPhoneSimulator.ActiveCfg = AppStore|iPhoneSimulator
		{0974936D-D4C7-43A1-B07C-0672D698C854}.AppStore|iPhoneSimulator.Build.0 = AppStore|iPhoneSimulator
		{0974936D-D4C7-43A1-B07C-0672D698C854}.AppStore|x64.ActiveCfg = AppStore|iPhone
		{0974936D-D4C7-43A1-B07C-0672D698C854}.AppStore|x86.ActiveCfg = AppStore|iPhone
		{0974936D-D4C7-43A1-B07C-0672D698C854}.Debug|Any CPU.ActiveCfg = Debug|iPhone
		{0974936D-D4C7-43A1-B07C-0672D698C854}.Debug|ARM.ActiveCfg = Debug|iPhone
		{0974936D-D4C7-43A1-B07C-0672D698C854}.Debug|iPhone.ActiveCfg = Debug|iPhone
		{0974936D-D4C7-43A1-B07C-0672D698C854}.Debug|iPhone.Build.0 = Debug|iPhone
		{0974936D-D4C7-43A1-B07C-0672D698C854}.Debug|iPhoneSimulator.ActiveCfg = Debug|iPhoneSimulator
		{0974936D-D4C7-43A1-B07C-0672D698C854}.Debug|iPhoneSimulator.Build.0 = Debug|iPhoneSimulator
		{0974936D-D4C7-43A1-B07C-0672D698C854}.Debug|x64.ActiveCfg = Debug|iPhone
		{0974936D-D4C7-43A1-B07C-0672D698C854}.Debug|x86.ActiveCfg = Debug|iPhone
		{0974936D-D4C7-43A1-B07C-0672D698C854}.Release|Any CPU.ActiveCfg = Release|iPhone
		{0974936D-D4C7-43A1-B07C-0672D698C854}.Release|ARM.ActiveCfg = Release|iPhone
		{0974936D-D4C7-43A1-B07C-0672D698C854}.Release|iPhone.ActiveCfg = Release|iPhone
		{0974936D-D4C7-43A1-B07C-0672D698C854}.Release|iPhone.Build.0 = Release|iPhone
		{0974936D-D4C7-43A1-B07C-0672D698C854}.Release|iPhoneSimulator.ActiveCfg = Release|iPhoneSimulator
		{0974936D-D4C7-43A1-B07C-0672D698C854}.Release|iPhoneSimulator.Build.0 = Release|iPhoneSimulator
		{0974936D-D4C7-43A1-B07C-0672D698C854}.Release|x64.ActiveCfg = Release|iPhone
		{0974936D-D4C7-43A1-B07C-0672D698C854}.Release|x86.ActiveCfg = Release|iPhone
	EndGlobalSection
	GlobalSection(SolutionProperties) = preSolution
		HideSolutionNode = FALSE
	EndGlobalSection
EndGlobal
